
Microsoft Visual Studio Solution File, Format Version 12.00
# Visual Studio Version 17
VisualStudioVersion = 17.5.33424.131
MinimumVisualStudioVersion = 10.0.40219.1
Project("{F14B399A-7131-4C87-9E4B-1186C45EF12D}") = "SSRS_Report", "SSRS_Report\SSRS_Report.rptproj", "{9D360A55-C104-4F59-B4D2-61F714F06057}"
EndProject
Global
	GlobalSection(SolutionConfigurationPlatforms) = preSolution
		Debug|Default = Debug|Default
		DebugLocal|Default = DebugLocal|Default
		Release|Default = Release|Default
	EndGlobalSection
	GlobalSection(ProjectConfigurationPlatforms) = postSolution
		{9D360A55-C104-4F59-B4D2-61F714F06057}.Debug|Default.ActiveCfg = Debug
		{9D360A55-C104-4F59-B4D2-61F714F06057}.Debug|Default.Build.0 = Debug
		{9D360A55-C104-4F59-B4D2-61F714F06057}.Debug|Default.Deploy.0 = Debug
		{9D360A55-C104-4F59-B4D2-61F714F06057}.DebugLocal|Default.ActiveCfg = DebugLocal
		{9D360A55-C104-4F59-B4D2-61F714F06057}.DebugLocal|Default.Build.0 = DebugLocal
		{9D360A55-C104-4F59-B4D2-61F714F06057}.Release|Default.ActiveCfg = Release
		{9D360A55-C104-4F59-B4D2-61F714F06057}.Release|Default.Build.0 = Release
		{9D360A55-C104-4F59-B4D2-61F714F06057}.Release|Default.Deploy.0 = Release
	EndGlobalSection
	GlobalSection(SolutionProperties) = preSolution
		HideSolutionNode = FALSE
	EndGlobalSection
	GlobalSection(ExtensibilityGlobals) = postSolution
		SolutionGuid = {5CF02B03-9DE7-42BD-9D8E-92A8E804E8F7}
	EndGlobalSection
EndGlobal
